
Microsoft Visual Studio Solution File, Format Version 12.00
# Visual Studio Version 17
VisualStudioVersion = 17.5.002.0
MinimumVisualStudioVersion = 10.0.40219.1
Project("{9A19103F-16F7-4668-BE54-9A1E7A4F7556}") = "Linear Search Csharp", "Linear Search Csharp.csproj", "{4E9723A1-8486-4B7C-9E7A-96E221686C96}"
EndProject
Global
	GlobalSection(SolutionConfigurationPlatforms) = preSolution
		Debug|Any CPU = Debug|Any CPU
		Release|Any CPU = Release|Any CPU
	EndGlobalSection
	GlobalSection(ProjectConfigurationPlatforms) = postSolution
		{4E9723A1-8486-4B7C-9E7A-96E221686C96}.Debug|Any CPU.ActiveCfg = Debug|Any CPU
		{4E9723A1-8486-4B7C-9E7A-96E221686C96}.Debug|Any CPU.Build.0 = Debug|Any CPU
		{4E9723A1-8486-4B7C-9E7A-96E221686C96}.Release|Any CPU.ActiveCfg = Release|Any CPU
		{4E9723A1-8486-4B7C-9E7A-96E221686C96}.Release|Any CPU.Build.0 = Release|Any CPU
	EndGlobalSection
	GlobalSection(SolutionProperties) = preSolution
		HideSolutionNode = FALSE
	EndGlobalSection
	GlobalSection(ExtensibilityGlobals) = postSolution
		SolutionGuid = {98D062CF-1EA2-4270-9554-0E9160C3C6F2}
	EndGlobalSection
EndGlobal
